
Microsoft Visual Studio Solution File, Format Version 11.00
# Visual Studio 2010
Project("{FAE04EC0-301F-11D3-BF4B-00C04F79EFBC}") = "CalculatorApps", "CalculatorApps\CalculatorApps.csproj", "{C8B658C5-FBE1-4F1D-BFF3-C1B184008B05}"
EndProject
Global
	GlobalSection(SolutionConfigurationPlatforms) = preSolution
		Debug|Any CPU = Debug|Any CPU
		Release|Any CPU = Release|Any CPU
	EndGlobalSection
	GlobalSection(ProjectConfigurationPlatforms) = postSolution
		{C8B658C5-FBE1-4F1D-BFF3-C1B184008B05}.Debug|Any CPU.ActiveCfg = Debug|Any CPU
		{C8B658C5-FBE1-4F1D-BFF3-C1B184008B05}.Debug|Any CPU.Build.0 = Debug|Any CPU
		{C8B658C5-FBE1-4F1D-BFF3-C1B184008B05}.Release|Any CPU.ActiveCfg = Release|Any CPU
		{C8B658C5-FBE1-4F1D-BFF3-C1B184008B05}.Release|Any CPU.Build.0 = Release|Any CPU
	EndGlobalSection
	GlobalSection(SolutionProperties) = preSolution
		HideSolutionNode = FALSE
	EndGlobalSection
EndGlobal
